
Microsoft Visual Studio Solution File, Format Version 12.00
# Visual Studio Version 17
VisualStudioVersion = 17.1.32421.90
MinimumVisualStudioVersion = 10.0.40219.1
Project("{FAE04EC0-301F-11D3-BF4B-00C04F79EFBC}") = "MantisTestProject", "MantisTestProject\MantisTestProject.csproj", "{DB6D4C0D-1203-42F9-BBFB-02FF79C95E53}"
EndProject
Global
	GlobalSection(SolutionConfigurationPlatforms) = preSolution
		Debug|Any CPU = Debug|Any CPU
		Release|Any CPU = Release|Any CPU
	EndGlobalSection
	GlobalSection(ProjectConfigurationPlatforms) = postSolution
		{DB6D4C0D-1203-42F9-BBFB-02FF79C95E53}.Debug|Any CPU.ActiveCfg = Debug|Any CPU
		{DB6D4C0D-1203-42F9-BBFB-02FF79C95E53}.Debug|Any CPU.Build.0 = Debug|Any CPU
		{DB6D4C0D-1203-42F9-BBFB-02FF79C95E53}.Release|Any CPU.ActiveCfg = Release|Any CPU
		{DB6D4C0D-1203-42F9-BBFB-02FF79C95E53}.Release|Any CPU.Build.0 = Release|Any CPU
	EndGlobalSection
	GlobalSection(SolutionProperties) = preSolution
		HideSolutionNode = FALSE
	EndGlobalSection
	GlobalSection(ExtensibilityGlobals) = postSolution
		SolutionGuid = {38524418-FC16-4853-A90F-C6E6A0DD6A14}
	EndGlobalSection
EndGlobal
